
Microsoft Visual Studio Solution File, Format Version 12.00
# Visual Studio Version 16
VisualStudioVersion = 16.0.30804.86
MinimumVisualStudioVersion = 10.0.40219.1
Project("{FAE04EC0-301F-11D3-BF4B-00C04F79EFBC}") = "Clinic Management System", "final individual project\Clinic Management System.csproj", "{8DEC553C-A380-4E4C-AC5D-12AE99746313}"
EndProject
Global
	GlobalSection(SolutionConfigurationPlatforms) = preSolution
		Debug|Any CPU = Debug|Any CPU
		Release|Any CPU = Release|Any CPU
	EndGlobalSection
	GlobalSection(ProjectConfigurationPlatforms) = postSolution
		{8DEC553C-A380-4E4C-AC5D-12AE99746313}.Debug|Any CPU.ActiveCfg = Debug|Any CPU
		{8DEC553C-A380-4E4C-AC5D-12AE99746313}.Debug|Any CPU.Build.0 = Debug|Any CPU
		{8DEC553C-A380-4E4C-AC5D-12AE99746313}.Release|Any CPU.ActiveCfg = Release|Any CPU
		{8DEC553C-A380-4E4C-AC5D-12AE99746313}.Release|Any CPU.Build.0 = Release|Any CPU
	EndGlobalSection
	GlobalSection(SolutionProperties) = preSolution
		HideSolutionNode = FALSE
	EndGlobalSection
	GlobalSection(ExtensibilityGlobals) = postSolution
		SolutionGuid = {88858B18-07BC-4E59-817E-09036E0E4B73}
	EndGlobalSection
EndGlobal
